
Microsoft Visual Studio Solution File, Format Version 12.00
# Visual Studio Version 16
VisualStudioVersion = 16.0.30011.22
MinimumVisualStudioVersion = 10.0.40219.1
Project("{FAE04EC0-301F-11D3-BF4B-00C04F79EFBC}") = "Queue-Server.Server", "Queue-Server\Queue-Server.Server.csproj", "{705EBE85-9F9F-4EBB-BAC2-141B2FD85957}"
EndProject
Project("{FAE04EC0-301F-11D3-BF4B-00C04F79EFBC}") = "Queue-Server.Common", "Queue-Server.Common\Queue-Server.Common.csproj", "{472DE346-2CBF-4A51-882C-E182A0C4748D}"
EndProject
Project("{FAE04EC0-301F-11D3-BF4B-00C04F79EFBC}") = "Queue-Server.DAL", "Queue-Server.DAL\Queue-Server.DAL.csproj", "{D1B3BFCA-3394-42EB-AC23-E50125AF58BC}"
EndProject
Global
	GlobalSection(SolutionConfigurationPlatforms) = preSolution
		Debug|Any CPU = Debug|Any CPU
		Release|Any CPU = Release|Any CPU
	EndGlobalSection
	GlobalSection(ProjectConfigurationPlatforms) = postSolution
		{705EBE85-9F9F-4EBB-BAC2-141B2FD85957}.Debug|Any CPU.ActiveCfg = Debug|Any CPU
		{705EBE85-9F9F-4EBB-BAC2-141B2FD85957}.Debug|Any CPU.Build.0 = Debug|Any CPU
		{705EBE85-9F9F-4EBB-BAC2-141B2FD85957}.Release|Any CPU.ActiveCfg = Release|Any CPU
		{705EBE85-9F9F-4EBB-BAC2-141B2FD85957}.Release|Any CPU.Build.0 = Release|Any CPU
		{472DE346-2CBF-4A51-882C-E182A0C4748D}.Debug|Any CPU.ActiveCfg = Debug|Any CPU
		{472DE346-2CBF-4A51-882C-E182A0C4748D}.Debug|Any CPU.Build.0 = Debug|Any CPU
		{472DE346-2CBF-4A51-882C-E182A0C4748D}.Release|Any CPU.ActiveCfg = Release|Any CPU
		{472DE346-2CBF-4A51-882C-E182A0C4748D}.Release|Any CPU.Build.0 = Release|Any CPU
		{D1B3BFCA-3394-42EB-AC23-E50125AF58BC}.Debug|Any CPU.ActiveCfg = Debug|Any CPU
		{D1B3BFCA-3394-42EB-AC23-E50125AF58BC}.Debug|Any CPU.Build.0 = Debug|Any CPU
		{D1B3BFCA-3394-42EB-AC23-E50125AF58BC}.Release|Any CPU.ActiveCfg = Release|Any CPU
		{D1B3BFCA-3394-42EB-AC23-E50125AF58BC}.Release|Any CPU.Build.0 = Release|Any CPU
	EndGlobalSection
	GlobalSection(SolutionProperties) = preSolution
		HideSolutionNode = FALSE
	EndGlobalSection
	GlobalSection(ExtensibilityGlobals) = postSolution
		SolutionGuid = {86350CA7-1031-4F15-8FF4-DFFF7AAA8AB4}
	EndGlobalSection
EndGlobal
